// !$*UTF8*$!
{
	archiveVersion = 1;
	classes = {
	};
	objectVersion = 46;
	objects = {

/* Begin PBXBuildFile section */
		5F37CAC516A4726F00F3020A /* InfoPlist.strings in Resources */ = {isa = PBXBuildFile; fileRef = 5F37CAC316A4726F00F3020A /* InfoPlist.strings */; };
		5F37CAC816A4726F00F3020A /* RCIOItemExamples.m in Sources */ = {isa = PBXBuildFile; fileRef = 5F37CAC716A4726F00F3020A /* RCIOItemExamples.m */; };
		5F37CAD416A472E100F3020A /* Foundation.framework in Frameworks */ = {isa = PBXBuildFile; fileRef = 5F37CAD316A472E000F3020A /* Foundation.framework */; };
		5F37CEA116A47DE300F3020A /* SenTestingKit.framework in Frameworks */ = {isa = PBXBuildFile; fileRef = 5F37CEA016A47DE300F3020A /* SenTestingKit.framework */; };
		5F37CEA216A47E0000F3020A /* libSpecta.a in Frameworks */ = {isa = PBXBuildFile; fileRef = 5F37CE8616A47BE300F3020A /* libSpecta.a */; };
		5F37CEA316A47E0600F3020A /* libExpecta.a in Frameworks */ = {isa = PBXBuildFile; fileRef = 5F37CE5916A47BE300F3020A /* libExpecta.a */; };
		5F37CEB116A480CE00F3020A /* RCIODirectory.m in Sources */ = {isa = PBXBuildFile; fileRef = 5F37CEA816A480CE00F3020A /* RCIODirectory.m */; };
		5F37CEB216A480CE00F3020A /* RCIOFile.m in Sources */ = {isa = PBXBuildFile; fileRef = 5F37CEAB16A480CE00F3020A /* RCIOFile.m */; };
		5F37CEB416A480CF00F3020A /* RCIOItem.m in Sources */ = {isa = PBXBuildFile; fileRef = 5F37CEAF16A480CE00F3020A /* RCIOItem.m */; };
		5F37CEDA16A482A300F3020A /* ReactiveCocoaIO.h in Headers */ = {isa = PBXBuildFile; fileRef = 5F37CAAE16A4726F00F3020A /* ReactiveCocoaIO.h */; settings = {ATTRIBUTES = (Public, ); }; };
		5F37CEDB16A482A300F3020A /* RCIOItem.h in Headers */ = {isa = PBXBuildFile; fileRef = 5F37CEAE16A480CE00F3020A /* RCIOItem.h */; settings = {ATTRIBUTES = (Public, ); }; };
		5F37CEDC16A482A300F3020A /* RCIOFile.h in Headers */ = {isa = PBXBuildFile; fileRef = 5F37CEAA16A480CE00F3020A /* RCIOFile.h */; settings = {ATTRIBUTES = (Public, ); }; };
		5F37CEDD16A482A300F3020A /* RCIODirectory.h in Headers */ = {isa = PBXBuildFile; fileRef = 5F37CEA716A480CE00F3020A /* RCIODirectory.h */; settings = {ATTRIBUTES = (Public, ); }; };
		5F37CEE516A4830200F3020A /* Cocoa.framework in Frameworks */ = {isa = PBXBuildFile; fileRef = 5F37CEE416A4830200F3020A /* Cocoa.framework */; };
		5F37CEFC16A4838E00F3020A /* InfoPlist.strings in Resources */ = {isa = PBXBuildFile; fileRef = 5F37CEF916A4838E00F3020A /* InfoPlist.strings */; };
		5F37CEFF16A4840400F3020A /* RCIOItem.m in Sources */ = {isa = PBXBuildFile; fileRef = 5F37CEAF16A480CE00F3020A /* RCIOItem.m */; };
		5F37CF0016A4840400F3020A /* RCIOFile.m in Sources */ = {isa = PBXBuildFile; fileRef = 5F37CEAB16A480CE00F3020A /* RCIOFile.m */; };
		5F37CF0116A4840400F3020A /* RCIODirectory.m in Sources */ = {isa = PBXBuildFile; fileRef = 5F37CEA816A480CE00F3020A /* RCIODirectory.m */; };
		5F37CF0216A4842800F3020A /* ReactiveCocoaIO.h in Headers */ = {isa = PBXBuildFile; fileRef = 5F37CAAE16A4726F00F3020A /* ReactiveCocoaIO.h */; settings = {ATTRIBUTES = (Public, ); }; };
		5F37CF0316A4842800F3020A /* RCIOItem.h in Headers */ = {isa = PBXBuildFile; fileRef = 5F37CEAE16A480CE00F3020A /* RCIOItem.h */; settings = {ATTRIBUTES = (Public, ); }; };
		5F37CF0416A4842800F3020A /* RCIOFile.h in Headers */ = {isa = PBXBuildFile; fileRef = 5F37CEAA16A480CE00F3020A /* RCIOFile.h */; settings = {ATTRIBUTES = (Public, ); }; };
		5F37CF0516A4842800F3020A /* RCIODirectory.h in Headers */ = {isa = PBXBuildFile; fileRef = 5F37CEA716A480CE00F3020A /* RCIODirectory.h */; settings = {ATTRIBUTES = (Public, ); }; };
		5F37CF3216A4875200F3020A /* ReactiveCocoa.framework in Frameworks */ = {isa = PBXBuildFile; fileRef = 5F37CED416A4818B00F3020A /* ReactiveCocoa.framework */; };
		5F37D11316A5660F00F3020A /* ReactiveCocoaIO.framework in Frameworks */ = {isa = PBXBuildFile; fileRef = 5F37CEE316A4830200F3020A /* ReactiveCocoaIO.framework */; };
		5F37D11616A5662800F3020A /* ReactiveCocoa.framework in Frameworks */ = {isa = PBXBuildFile; fileRef = 5F37CED416A4818B00F3020A /* ReactiveCocoa.framework */; };
/* End PBXBuildFile section */

/* Begin PBXContainerItemProxy section */
		5F37CE5816A47BE300F3020A /* PBXContainerItemProxy */ = {
			isa = PBXContainerItemProxy;
			containerPortal = 5F37CAEE16A47BE100F3020A /* Expecta.xcodeproj */;
			proxyType = 2;
			remoteGlobalIDString = E9ACDF0C13B2DD520010F4D7;
			remoteInfo = Expecta;
		};
		5F37CE5A16A47BE300F3020A /* PBXContainerItemProxy */ = {
			isa = PBXContainerItemProxy;
			containerPortal = 5F37CAEE16A47BE100F3020A /* Expecta.xcodeproj */;
			proxyType = 2;
			remoteGlobalIDString = E93067CE13B2E6D100EA26FF;
			remoteInfo = "Expecta-iOS";
		};
		5F37CE5C16A47BE300F3020A /* PBXContainerItemProxy */ = {
			isa = PBXContainerItemProxy;
			containerPortal = 5F37CAEE16A47BE100F3020A /* Expecta.xcodeproj */;
			proxyType = 2;
			remoteGlobalIDString = E9ACDF1D13B2DD520010F4D7;
			remoteInfo = ExpectaTests;
		};
		5F37CE5E16A47BE300F3020A /* PBXContainerItemProxy */ = {
			isa = PBXContainerItemProxy;
			containerPortal = 5F37CAEE16A47BE100F3020A /* Expecta.xcodeproj */;
			proxyType = 2;
			remoteGlobalIDString = E93067DA13B2E6D100EA26FF;
			remoteInfo = "Expecta-iOSTests";
		};
		5F37CE8516A47BE300F3020A /* PBXContainerItemProxy */ = {
			isa = PBXContainerItemProxy;
			containerPortal = 5F37CCD716A47BE100F3020A /* Specta.xcodeproj */;
			proxyType = 2;
			remoteGlobalIDString = E9D96A2614B6B8AB007D9521;
			remoteInfo = Specta;
		};
		5F37CE8716A47BE300F3020A /* PBXContainerItemProxy */ = {
			isa = PBXContainerItemProxy;
			containerPortal = 5F37CCD716A47BE100F3020A /* Specta.xcodeproj */;
			proxyType = 2;
			remoteGlobalIDString = E9B777A414BA294B00D8DC76;
			remoteInfo = "Specta-iOS";
		};
		5F37CE8916A47BE300F3020A /* PBXContainerItemProxy */ = {
			isa = PBXContainerItemProxy;
			containerPortal = 5F37CCD716A47BE100F3020A /* Specta.xcodeproj */;
			proxyType = 2;
			remoteGlobalIDString = E9D96A3A14B6B8AB007D9521;
			remoteInfo = SpectaTests;
		};
		5F37CE8B16A47BE300F3020A /* PBXContainerItemProxy */ = {
			isa = PBXContainerItemProxy;
			containerPortal = 5F37CCD716A47BE100F3020A /* Specta.xcodeproj */;
			proxyType = 2;
			remoteGlobalIDString = E9B777B314BA294C00D8DC76;
			remoteInfo = "Specta-iOSTests";
		};
		5F37CED316A4818B00F3020A /* PBXContainerItemProxy */ = {
			isa = PBXContainerItemProxy;
			containerPortal = 5F37CCA316A47BE100F3020A /* ReactiveCocoa.xcodeproj */;
			proxyType = 2;
			remoteGlobalIDString = 88037F8315056328001A5B19;
			remoteInfo = ReactiveCocoa;
		};
		5F37CED516A4818B00F3020A /* PBXContainerItemProxy */ = {
			isa = PBXContainerItemProxy;
			containerPortal = 5F37CCA316A47BE100F3020A /* ReactiveCocoa.xcodeproj */;
			proxyType = 2;
			remoteGlobalIDString = 88F440AB153DAC820097B4C3;
			remoteInfo = "ReactiveCocoa-iOS";
		};
		5F37CED716A4818B00F3020A /* PBXContainerItemProxy */ = {
			isa = PBXContainerItemProxy;
			containerPortal = 5F37CCA316A47BE100F3020A /* ReactiveCocoa.xcodeproj */;
			proxyType = 2;
			remoteGlobalIDString = 88CDF7DC15000FCF00163A9F;
			remoteInfo = ReactiveCocoaTests;
		};
		5F37CF3316A4875C00F3020A /* PBXContainerItemProxy */ = {
			isa = PBXContainerItemProxy;
			containerPortal = 5F37CCA316A47BE100F3020A /* ReactiveCocoa.xcodeproj */;
			proxyType = 1;
			remoteGlobalIDString = 88037F8215056328001A5B19;
			remoteInfo = ReactiveCocoa;
		};
		5F37CF3516A4876900F3020A /* PBXContainerItemProxy */ = {
			isa = PBXContainerItemProxy;
			containerPortal = 5F37CCA316A47BE100F3020A /* ReactiveCocoa.xcodeproj */;
			proxyType = 1;
			remoteGlobalIDString = 88F440AA153DAC820097B4C3;
			remoteInfo = "ReactiveCocoa-iOS";
		};
		5F37D11416A5661B00F3020A /* PBXContainerItemProxy */ = {
			isa = PBXContainerItemProxy;
			containerPortal = 5F37CA9D16A4726F00F3020A /* Project object */;
			proxyType = 1;
			remoteGlobalIDString = 5F37CEE216A4830200F3020A;
			remoteInfo = ReactiveCocoaIO;
		};
		5F37D11716A5663200F3020A /* PBXContainerItemProxy */ = {
			isa = PBXContainerItemProxy;
			containerPortal = 5F37CCA316A47BE100F3020A /* ReactiveCocoa.xcodeproj */;
			proxyType = 1;
			remoteGlobalIDString = 88037F8215056328001A5B19;
			remoteInfo = ReactiveCocoa;
		};
/* End PBXContainerItemProxy section */

/* Begin PBXFileReference section */
		5F37CAA616A4726F00F3020A /* libReactiveCocoaIO-iOS.a */ = {isa = PBXFileReference; explicitFileType = archive.ar; includeInIndex = 0; path = "libReactiveCocoaIO-iOS.a"; sourceTree = BUILT_PRODUCTS_DIR; };
		5F37CAAD16A4726F00F3020A /* ReactiveCocoaIO-Prefix.pch */ = {isa = PBXFileReference; lastKnownFileType = sourcecode.c.h; path = "ReactiveCocoaIO-Prefix.pch"; sourceTree = "<group>"; };
		5F37CAAE16A4726F00F3020A /* ReactiveCocoaIO.h */ = {isa = PBXFileReference; lastKnownFileType = sourcecode.c.h; path = ReactiveCocoaIO.h; sourceTree = "<group>"; };
		5F37CAB716A4726F00F3020A /* ReactiveCocoaIOTests.octest */ = {isa = PBXFileReference; explicitFileType = wrapper.cfbundle; includeInIndex = 0; path = ReactiveCocoaIOTests.octest; sourceTree = BUILT_PRODUCTS_DIR; };
		5F37CAC216A4726F00F3020A /* ReactiveCocoaIOTests-Info.plist */ = {isa = PBXFileReference; lastKnownFileType = text.plist.xml; path = "ReactiveCocoaIOTests-Info.plist"; sourceTree = "<group>"; };
		5F37CAC416A4726F00F3020A /* en */ = {isa = PBXFileReference; lastKnownFileType = text.plist.strings; name = en; path = en.lproj/InfoPlist.strings; sourceTree = "<group>"; };
		5F37CAC716A4726F00F3020A /* RCIOItemExamples.m */ = {isa = PBXFileReference; lastKnownFileType = sourcecode.c.objc; path = RCIOItemExamples.m; sourceTree = "<group>"; };
		5F37CAD316A472E000F3020A /* Foundation.framework */ = {isa = PBXFileReference; lastKnownFileType = wrapper.framework; name = Foundation.framework; path = System/Library/Frameworks/Foundation.framework; sourceTree = SDKROOT; };
		5F37CAEE16A47BE100F3020A /* Expecta.xcodeproj */ = {isa = PBXFileReference; lastKnownFileType = "wrapper.pb-project"; path = Expecta.xcodeproj; sourceTree = "<group>"; };
		5F37CCA316A47BE100F3020A /* ReactiveCocoa.xcodeproj */ = {isa = PBXFileReference; lastKnownFileType = "wrapper.pb-project"; name = ReactiveCocoa.xcodeproj; path = ReactiveCocoaFramework/ReactiveCocoa.xcodeproj; sourceTree = "<group>"; };
		5F37CCD716A47BE100F3020A /* Specta.xcodeproj */ = {isa = PBXFileReference; lastKnownFileType = "wrapper.pb-project"; path = Specta.xcodeproj; sourceTree = "<group>"; };
		5F37CD3116A47BE100F3020A /* Common.xcconfig */ = {isa = PBXFileReference; fileEncoding = 4; lastKnownFileType = text.xcconfig; path = Common.xcconfig; sourceTree = "<group>"; };
		5F37CD3316A47BE100F3020A /* Debug.xcconfig */ = {isa = PBXFileReference; fileEncoding = 4; lastKnownFileType = text.xcconfig; path = Debug.xcconfig; sourceTree = "<group>"; };
		5F37CD3416A47BE100F3020A /* Profile.xcconfig */ = {isa = PBXFileReference; fileEncoding = 4; lastKnownFileType = text.xcconfig; path = Profile.xcconfig; sourceTree = "<group>"; };
		5F37CD3516A47BE100F3020A /* Release.xcconfig */ = {isa = PBXFileReference; fileEncoding = 4; lastKnownFileType = text.xcconfig; path = Release.xcconfig; sourceTree = "<group>"; };
		5F37CD3716A47BE100F3020A /* Application.xcconfig */ = {isa = PBXFileReference; fileEncoding = 4; lastKnownFileType = text.xcconfig; path = Application.xcconfig; sourceTree = "<group>"; };
		5F37CD3816A47BE100F3020A /* StaticLibrary.xcconfig */ = {isa = PBXFileReference; fileEncoding = 4; lastKnownFileType = text.xcconfig; path = StaticLibrary.xcconfig; sourceTree = "<group>"; };
		5F37CD3A16A47BE100F3020A /* iOS-Application.xcconfig */ = {isa = PBXFileReference; fileEncoding = 4; lastKnownFileType = text.xcconfig; path = "iOS-Application.xcconfig"; sourceTree = "<group>"; };
		5F37CD3B16A47BE100F3020A /* iOS-Base.xcconfig */ = {isa = PBXFileReference; fileEncoding = 4; lastKnownFileType = text.xcconfig; path = "iOS-Base.xcconfig"; sourceTree = "<group>"; };
		5F37CD3C16A47BE100F3020A /* iOS-StaticLibrary.xcconfig */ = {isa = PBXFileReference; fileEncoding = 4; lastKnownFileType = text.xcconfig; path = "iOS-StaticLibrary.xcconfig"; sourceTree = "<group>"; };
		5F37CD3E16A47BE100F3020A /* Mac-Application.xcconfig */ = {isa = PBXFileReference; fileEncoding = 4; lastKnownFileType = text.xcconfig; path = "Mac-Application.xcconfig"; sourceTree = "<group>"; };
		5F37CD3F16A47BE100F3020A /* Mac-Base.xcconfig */ = {isa = PBXFileReference; fileEncoding = 4; lastKnownFileType = text.xcconfig; path = "Mac-Base.xcconfig"; sourceTree = "<group>"; };
		5F37CD4016A47BE100F3020A /* Mac-DynamicLibrary.xcconfig */ = {isa = PBXFileReference; fileEncoding = 4; lastKnownFileType = text.xcconfig; path = "Mac-DynamicLibrary.xcconfig"; sourceTree = "<group>"; };
		5F37CD4116A47BE100F3020A /* Mac-Framework.xcconfig */ = {isa = PBXFileReference; fileEncoding = 4; lastKnownFileType = text.xcconfig; path = "Mac-Framework.xcconfig"; sourceTree = "<group>"; };
		5F37CD4216A47BE100F3020A /* Mac-StaticLibrary.xcconfig */ = {isa = PBXFileReference; fileEncoding = 4; lastKnownFileType = text.xcconfig; path = "Mac-StaticLibrary.xcconfig"; sourceTree = "<group>"; };
		5F37CD4316A47BE100F3020A /* README.md */ = {isa = PBXFileReference; fileEncoding = 4; lastKnownFileType = text; path = README.md; sourceTree = "<group>"; };
		5F37CEA016A47DE300F3020A /* SenTestingKit.framework */ = {isa = PBXFileReference; lastKnownFileType = wrapper.framework; name = SenTestingKit.framework; path = Library/Frameworks/SenTestingKit.framework; sourceTree = DEVELOPER_DIR; };
		5F37CEA716A480CE00F3020A /* RCIODirectory.h */ = {isa = PBXFileReference; fileEncoding = 4; lastKnownFileType = sourcecode.c.h; path = RCIODirectory.h; sourceTree = "<group>"; };
		5F37CEA816A480CE00F3020A /* RCIODirectory.m */ = {isa = PBXFileReference; fileEncoding = 4; lastKnownFileType = sourcecode.c.objc; path = RCIODirectory.m; sourceTree = "<group>"; };
		5F37CEA916A480CE00F3020A /* RCIODirectory+Private.h */ = {isa = PBXFileReference; fileEncoding = 4; lastKnownFileType = sourcecode.c.h; path = "RCIODirectory+Private.h"; sourceTree = "<group>"; };
		5F37CEAA16A480CE00F3020A /* RCIOFile.h */ = {isa = PBXFileReference; fileEncoding = 4; lastKnownFileType = sourcecode.c.h; path = RCIOFile.h; sourceTree = "<group>"; };
		5F37CEAB16A480CE00F3020A /* RCIOFile.m */ = {isa = PBXFileReference; fileEncoding = 4; lastKnownFileType = sourcecode.c.objc; path = RCIOFile.m; sourceTree = "<group>"; };
		5F37CEAE16A480CE00F3020A /* RCIOItem.h */ = {isa = PBXFileReference; fileEncoding = 4; lastKnownFileType = sourcecode.c.h; path = RCIOItem.h; sourceTree = "<group>"; };
		5F37CEAF16A480CE00F3020A /* RCIOItem.m */ = {isa = PBXFileReference; fileEncoding = 4; lastKnownFileType = sourcecode.c.objc; path = RCIOItem.m; sourceTree = "<group>"; };
		5F37CEB016A480CE00F3020A /* RCIOItem+Private.h */ = {isa = PBXFileReference; fileEncoding = 4; lastKnownFileType = sourcecode.c.h; path = "RCIOItem+Private.h"; sourceTree = "<group>"; };
		5F37CEE316A4830200F3020A /* ReactiveCocoaIO.framework */ = {isa = PBXFileReference; explicitFileType = wrapper.framework; includeInIndex = 0; path = ReactiveCocoaIO.framework; sourceTree = BUILT_PRODUCTS_DIR; };
		5F37CEE416A4830200F3020A /* Cocoa.framework */ = {isa = PBXFileReference; lastKnownFileType = wrapper.framework; name = Cocoa.framework; path = System/Library/Frameworks/Cocoa.framework; sourceTree = SDKROOT; };
		5F37CEE716A4830200F3020A /* AppKit.framework */ = {isa = PBXFileReference; lastKnownFileType = wrapper.framework; name = AppKit.framework; path = System/Library/Frameworks/AppKit.framework; sourceTree = SDKROOT; };
		5F37CEE816A4830200F3020A /* CoreData.framework */ = {isa = PBXFileReference; lastKnownFileType = wrapper.framework; name = CoreData.framework; path = System/Library/Frameworks/CoreData.framework; sourceTree = SDKROOT; };
		5F37CEE916A4830200F3020A /* Foundation.framework */ = {isa = PBXFileReference; lastKnownFileType = wrapper.framework; name = Foundation.framework; path = System/Library/Frameworks/Foundation.framework; sourceTree = SDKROOT; };
		5F37CEFA16A4838E00F3020A /* en */ = {isa = PBXFileReference; lastKnownFileType = text.plist.strings; name = en; path = InfoPlist.strings; sourceTree = "<group>"; };
		5F37CEFB16A4838E00F3020A /* ReactiveCocoaIO-Info.plist */ = {isa = PBXFileReference; fileEncoding = 4; lastKnownFileType = text.plist.xml; path = "ReactiveCocoaIO-Info.plist"; sourceTree = "<group>"; };
		5F37CF5F16A48C3A00F3020A /* README.md */ = {isa = PBXFileReference; lastKnownFileType = text; path = README.md; sourceTree = "<group>"; };
		5F37CF6116A48E4000F3020A /* LICENSE.md */ = {isa = PBXFileReference; lastKnownFileType = text; path = LICENSE.md; sourceTree = "<group>"; };
		5F37D0EC16A5590100F3020A /* ReactiveCocoaIOTests-Prefix.pch */ = {isa = PBXFileReference; lastKnownFileType = sourcecode.c.h; path = "ReactiveCocoaIOTests-Prefix.pch"; sourceTree = "<group>"; };
		5F37D0ED16A5641400F3020A /* RCIOItemExamples.h */ = {isa = PBXFileReference; lastKnownFileType = sourcecode.c.h; path = RCIOItemExamples.h; sourceTree = "<group>"; };
/* End PBXFileReference section */

/* Begin PBXFrameworksBuildPhase section */
		5F37CAA316A4726F00F3020A /* Frameworks */ = {
			isa = PBXFrameworksBuildPhase;
			buildActionMask = 2147483647;
			files = (
				5F37CAD416A472E100F3020A /* Foundation.framework in Frameworks */,
			);
			runOnlyForDeploymentPostprocessing = 0;
		};
		5F37CAB316A4726F00F3020A /* Frameworks */ = {
			isa = PBXFrameworksBuildPhase;
			buildActionMask = 2147483647;
			files = (
				5F37D11316A5660F00F3020A /* ReactiveCocoaIO.framework in Frameworks */,
				5F37D11616A5662800F3020A /* ReactiveCocoa.framework in Frameworks */,
				5F37CEA316A47E0600F3020A /* libExpecta.a in Frameworks */,
				5F37CEA216A47E0000F3020A /* libSpecta.a in Frameworks */,
				5F37CEA116A47DE300F3020A /* SenTestingKit.framework in Frameworks */,
			);
			runOnlyForDeploymentPostprocessing = 0;
		};
		5F37CEDF16A4830200F3020A /* Frameworks */ = {
			isa = PBXFrameworksBuildPhase;
			buildActionMask = 2147483647;
			files = (
				5F37CF3216A4875200F3020A /* ReactiveCocoa.framework in Frameworks */,
				5F37CEE516A4830200F3020A /* Cocoa.framework in Frameworks */,
			);
			runOnlyForDeploymentPostprocessing = 0;
		};
/* End PBXFrameworksBuildPhase section */

/* Begin PBXGroup section */
		5F37CA9B16A4726F00F3020A = {
			isa = PBXGroup;
			children = (
				5F37CF6016A48E3200F3020A /* Documentation */,
				5F37CAAB16A4726F00F3020A /* ReactiveCocoaIO */,
				5F37CAC016A4726F00F3020A /* ReactiveCocoaIOTests */,
				5F37CAA816A4726F00F3020A /* Frameworks */,
				5F37CAA716A4726F00F3020A /* Products */,
			);
			sourceTree = "<group>";
		};
		5F37CAA716A4726F00F3020A /* Products */ = {
			isa = PBXGroup;
			children = (
				5F37CAA616A4726F00F3020A /* libReactiveCocoaIO-iOS.a */,
				5F37CAB716A4726F00F3020A /* ReactiveCocoaIOTests.octest */,
				5F37CEE316A4830200F3020A /* ReactiveCocoaIO.framework */,
			);
			name = Products;
			sourceTree = "<group>";
		};
		5F37CAA816A4726F00F3020A /* Frameworks */ = {
			isa = PBXGroup;
			children = (
				5F37CAD116A472BB00F3020A /* Apple */,
				5F37CAD216A472C300F3020A /* Third Party */,
				5F37CEE416A4830200F3020A /* Cocoa.framework */,
				5F37CEE616A4830200F3020A /* Other Frameworks */,
			);
			name = Frameworks;
			sourceTree = "<group>";
		};
		5F37CAAB16A4726F00F3020A /* ReactiveCocoaIO */ = {
			isa = PBXGroup;
			children = (
				5F37CAAE16A4726F00F3020A /* ReactiveCocoaIO.h */,
				5F37CEAE16A480CE00F3020A /* RCIOItem.h */,
				5F37CEB016A480CE00F3020A /* RCIOItem+Private.h */,
				5F37CEAF16A480CE00F3020A /* RCIOItem.m */,
				5F37CEAA16A480CE00F3020A /* RCIOFile.h */,
				5F37CEAB16A480CE00F3020A /* RCIOFile.m */,
				5F37CEA716A480CE00F3020A /* RCIODirectory.h */,
				5F37CEA916A480CE00F3020A /* RCIODirectory+Private.h */,
				5F37CEA816A480CE00F3020A /* RCIODirectory.m */,
				5F37CAAC16A4726F00F3020A /* Supporting Files */,
			);
			path = ReactiveCocoaIO;
			sourceTree = "<group>";
		};
		5F37CAAC16A4726F00F3020A /* Supporting Files */ = {
			isa = PBXGroup;
			children = (
				5F37CEF816A4838E00F3020A /* en.lproj */,
				5F37CEFB16A4838E00F3020A /* ReactiveCocoaIO-Info.plist */,
				5F37CAAD16A4726F00F3020A /* ReactiveCocoaIO-Prefix.pch */,
			);
			name = "Supporting Files";
			sourceTree = "<group>";
		};
		5F37CAC016A4726F00F3020A /* ReactiveCocoaIOTests */ = {
			isa = PBXGroup;
			children = (
				5F37D0ED16A5641400F3020A /* RCIOItemExamples.h */,
				5F37CAC716A4726F00F3020A /* RCIOItemExamples.m */,
				5F37CAC116A4726F00F3020A /* Supporting Files */,
			);
			path = ReactiveCocoaIOTests;
			sourceTree = "<group>";
		};
		5F37CAC116A4726F00F3020A /* Supporting Files */ = {
			isa = PBXGroup;
			children = (
				5F37D0EC16A5590100F3020A /* ReactiveCocoaIOTests-Prefix.pch */,
				5F37CAC216A4726F00F3020A /* ReactiveCocoaIOTests-Info.plist */,
				5F37CAC316A4726F00F3020A /* InfoPlist.strings */,
			);
			name = "Supporting Files";
			sourceTree = "<group>";
		};
		5F37CAD116A472BB00F3020A /* Apple */ = {
			isa = PBXGroup;
			children = (
				5F37CAD316A472E000F3020A /* Foundation.framework */,
				5F37CEA016A47DE300F3020A /* SenTestingKit.framework */,
			);
			name = Apple;
			sourceTree = "<group>";
		};
		5F37CAD216A472C300F3020A /* Third Party */ = {
			isa = PBXGroup;
			children = (
				5F37CD2F16A47BE100F3020A /* xcconfigs */,
				5F37CBC816A47BE100F3020A /* ReactiveCocoa */,
				5F37CCCE16A47BE100F3020A /* specta */,
				5F37CAEA16A47BE100F3020A /* expecta */,
			);
			name = "Third Party";
			sourceTree = "<group>";
		};
		5F37CAEA16A47BE100F3020A /* expecta */ = {
			isa = PBXGroup;
			children = (
				5F37CAEE16A47BE100F3020A /* Expecta.xcodeproj */,
			);
			name = expecta;
			path = External/expecta;
			sourceTree = "<group>";
		};
		5F37CAEF16A47BE100F3020A /* Products */ = {
			isa = PBXGroup;
			children = (
				5F37CE5916A47BE300F3020A /* libExpecta.a */,
				5F37CE5B16A47BE300F3020A /* libExpecta-iOS.a */,
				5F37CE5D16A47BE300F3020A /* ExpectaTests.octest */,
				5F37CE5F16A47BE300F3020A /* Expecta-iOSTests.octest */,
			);
			name = Products;
			sourceTree = "<group>";
		};
		5F37CBC816A47BE100F3020A /* ReactiveCocoa */ = {
			isa = PBXGroup;
			children = (
				5F37CCA316A47BE100F3020A /* ReactiveCocoa.xcodeproj */,
			);
			name = ReactiveCocoa;
			path = External/ReactiveCocoa;
			sourceTree = "<group>";
		};
		5F37CCCE16A47BE100F3020A /* specta */ = {
			isa = PBXGroup;
			children = (
				5F37CCD716A47BE100F3020A /* Specta.xcodeproj */,
			);
			name = specta;
			path = External/specta;
			sourceTree = "<group>";
		};
		5F37CCD816A47BE100F3020A /* Products */ = {
			isa = PBXGroup;
			children = (
				5F37CE8616A47BE300F3020A /* libSpecta.a */,
				5F37CE8816A47BE300F3020A /* libSpecta-iOS.a */,
				5F37CE8A16A47BE300F3020A /* SpectaTests.octest */,
				5F37CE8C16A47BE300F3020A /* Specta-iOSTests.octest */,
			);
			name = Products;
			sourceTree = "<group>";
		};
		5F37CD2F16A47BE100F3020A /* xcconfigs */ = {
			isa = PBXGroup;
			children = (
				5F37CD3016A47BE100F3020A /* Base */,
				5F37CD3916A47BE100F3020A /* iOS */,
				5F37CD3D16A47BE100F3020A /* Mac OS X */,
				5F37CD4316A47BE100F3020A /* README.md */,
			);
			name = xcconfigs;
			path = External/xcconfigs;
			sourceTree = "<group>";
		};
		5F37CD3016A47BE100F3020A /* Base */ = {
			isa = PBXGroup;
			children = (
				5F37CD3116A47BE100F3020A /* Common.xcconfig */,
				5F37CD3216A47BE100F3020A /* Configurations */,
				5F37CD3616A47BE100F3020A /* Targets */,
			);
			path = Base;
			sourceTree = "<group>";
		};
		5F37CD3216A47BE100F3020A /* Configurations */ = {
			isa = PBXGroup;
			children = (
				5F37CD3316A47BE100F3020A /* Debug.xcconfig */,
				5F37CD3416A47BE100F3020A /* Profile.xcconfig */,
				5F37CD3516A47BE100F3020A /* Release.xcconfig */,
			);
			path = Configurations;
			sourceTree = "<group>";
		};
		5F37CD3616A47BE100F3020A /* Targets */ = {
			isa = PBXGroup;
			children = (
				5F37CD3716A47BE100F3020A /* Application.xcconfig */,
				5F37CD3816A47BE100F3020A /* StaticLibrary.xcconfig */,
			);
			path = Targets;
			sourceTree = "<group>";
		};
		5F37CD3916A47BE100F3020A /* iOS */ = {
			isa = PBXGroup;
			children = (
				5F37CD3A16A47BE100F3020A /* iOS-Application.xcconfig */,
				5F37CD3B16A47BE100F3020A /* iOS-Base.xcconfig */,
				5F37CD3C16A47BE100F3020A /* iOS-StaticLibrary.xcconfig */,
			);
			path = iOS;
			sourceTree = "<group>";
		};
		5F37CD3D16A47BE100F3020A /* Mac OS X */ = {
			isa = PBXGroup;
			children = (
				5F37CD3E16A47BE100F3020A /* Mac-Application.xcconfig */,
				5F37CD3F16A47BE100F3020A /* Mac-Base.xcconfig */,
				5F37CD4016A47BE100F3020A /* Mac-DynamicLibrary.xcconfig */,
				5F37CD4116A47BE100F3020A /* Mac-Framework.xcconfig */,
				5F37CD4216A47BE100F3020A /* Mac-StaticLibrary.xcconfig */,
			);
			path = "Mac OS X";
			sourceTree = "<group>";
		};
		5F37CECE16A4818B00F3020A /* Products */ = {
			isa = PBXGroup;
			children = (
				5F37CED416A4818B00F3020A /* ReactiveCocoa.framework */,
				5F37CED616A4818B00F3020A /* libReactiveCocoa-iOS.a */,
				5F37CED816A4818B00F3020A /* ReactiveCocoaTests.octest */,
			);
			name = Products;
			sourceTree = "<group>";
		};
		5F37CEE616A4830200F3020A /* Other Frameworks */ = {
			isa = PBXGroup;
			children = (
				5F37CEE716A4830200F3020A /* AppKit.framework */,
				5F37CEE816A4830200F3020A /* CoreData.framework */,
				5F37CEE916A4830200F3020A /* Foundation.framework */,
			);
			name = "Other Frameworks";
			sourceTree = "<group>";
		};
		5F37CEF816A4838E00F3020A /* en.lproj */ = {
			isa = PBXGroup;
			children = (
				5F37CEF916A4838E00F3020A /* InfoPlist.strings */,
			);
			path = en.lproj;
			sourceTree = "<group>";
		};
		5F37CF6016A48E3200F3020A /* Documentation */ = {
			isa = PBXGroup;
			children = (
				5F37CF5F16A48C3A00F3020A /* README.md */,
				5F37CF6116A48E4000F3020A /* LICENSE.md */,
			);
			name = Documentation;
			sourceTree = "<group>";
		};
/* End PBXGroup section */

/* Begin PBXHeadersBuildPhase section */
		5F37CED916A4829200F3020A /* Headers */ = {
			isa = PBXHeadersBuildPhase;
			buildActionMask = 2147483647;
			files = (
				5F37CEDA16A482A300F3020A /* ReactiveCocoaIO.h in Headers */,
				5F37CEDB16A482A300F3020A /* RCIOItem.h in Headers */,
				5F37CEDC16A482A300F3020A /* RCIOFile.h in Headers */,
				5F37CEDD16A482A300F3020A /* RCIODirectory.h in Headers */,
			);
			runOnlyForDeploymentPostprocessing = 0;
		};
		5F37CEE016A4830200F3020A /* Headers */ = {
			isa = PBXHeadersBuildPhase;
			buildActionMask = 2147483647;
			files = (
				5F37CF0216A4842800F3020A /* ReactiveCocoaIO.h in Headers */,
				5F37CF0316A4842800F3020A /* RCIOItem.h in Headers */,
				5F37CF0416A4842800F3020A /* RCIOFile.h in Headers */,
				5F37CF0516A4842800F3020A /* RCIODirectory.h in Headers */,
			);
			runOnlyForDeploymentPostprocessing = 0;
		};
/* End PBXHeadersBuildPhase section */

/* Begin PBXNativeTarget section */
		5F37CAA516A4726F00F3020A /* ReactiveCocoaIO-iOS */ = {
			isa = PBXNativeTarget;
			buildConfigurationList = 5F37CACB16A4726F00F3020A /* Build configuration list for PBXNativeTarget "ReactiveCocoaIO-iOS" */;
			buildPhases = (
				5F37CAA216A4726F00F3020A /* Sources */,
				5F37CAA316A4726F00F3020A /* Frameworks */,
				5F37CED916A4829200F3020A /* Headers */,
			);
			buildRules = (
			);
			dependencies = (
				5F37CF3616A4876900F3020A /* PBXTargetDependency */,
			);
			name = "ReactiveCocoaIO-iOS";
			productName = ReactiveCocoaIO;
			productReference = 5F37CAA616A4726F00F3020A /* libReactiveCocoaIO-iOS.a */;
			productType = "com.apple.product-type.library.static";
		};
		5F37CAB616A4726F00F3020A /* ReactiveCocoaIOTests */ = {
			isa = PBXNativeTarget;
			buildConfigurationList = 5F37CACE16A4726F00F3020A /* Build configuration list for PBXNativeTarget "ReactiveCocoaIOTests" */;
			buildPhases = (
				5F37CAB216A4726F00F3020A /* Sources */,
				5F37CAB316A4726F00F3020A /* Frameworks */,
				5F37CAB416A4726F00F3020A /* Resources */,
				5F37CAB516A4726F00F3020A /* ShellScript */,
			);
			buildRules = (
			);
			dependencies = (
				5F37D11516A5661B00F3020A /* PBXTargetDependency */,
				5F37D11816A5663200F3020A /* PBXTargetDependency */,
			);
			name = ReactiveCocoaIOTests;
			productName = ReactiveCocoaIOTests;
			productReference = 5F37CAB716A4726F00F3020A /* ReactiveCocoaIOTests.octest */;
			productType = "com.apple.product-type.bundle";
		};
		5F37CEE216A4830200F3020A /* ReactiveCocoaIO */ = {
			isa = PBXNativeTarget;
			buildConfigurationList = 5F37CEF416A4830200F3020A /* Build configuration list for PBXNativeTarget "ReactiveCocoaIO" */;
			buildPhases = (
				5F37CEDE16A4830200F3020A /* Sources */,
				5F37CEDF16A4830200F3020A /* Frameworks */,
				5F37CEE016A4830200F3020A /* Headers */,
				5F37CEE116A4830200F3020A /* Resources */,
			);
			buildRules = (
			);
			dependencies = (
				5F37CF3416A4875C00F3020A /* PBXTargetDependency */,
			);
			name = ReactiveCocoaIO;
			productName = ReactiveCocoaIO;
			productReference = 5F37CEE316A4830200F3020A /* ReactiveCocoaIO.framework */;
			productType = "com.apple.product-type.framework";
		};
/* End PBXNativeTarget section */

/* Begin PBXProject section */
		5F37CA9D16A4726F00F3020A /* Project object */ = {
			isa = PBXProject;
			attributes = {
				CLASSPREFIX = RCIO;
				LastUpgradeCheck = 0450;
				ORGANIZATIONNAME = "Enthusiastic Code";
			};
			buildConfigurationList = 5F37CAA016A4726F00F3020A /* Build configuration list for PBXProject "ReactiveCocoaIO" */;
			compatibilityVersion = "Xcode 3.2";
			developmentRegion = English;
			hasScannedForEncodings = 0;
			knownRegions = (
				en,
			);
			mainGroup = 5F37CA9B16A4726F00F3020A;
			productRefGroup = 5F37CAA716A4726F00F3020A /* Products */;
			projectDirPath = "";
			projectReferences = (
				{
					ProductGroup = 5F37CAEF16A47BE100F3020A /* Products */;
					ProjectRef = 5F37CAEE16A47BE100F3020A /* Expecta.xcodeproj */;
				},
				{
					ProductGroup = 5F37CECE16A4818B00F3020A /* Products */;
					ProjectRef = 5F37CCA316A47BE100F3020A /* ReactiveCocoa.xcodeproj */;
				},
				{
					ProductGroup = 5F37CCD816A47BE100F3020A /* Products */;
					ProjectRef = 5F37CCD716A47BE100F3020A /* Specta.xcodeproj */;
				},
			);
			projectRoot = "";
			targets = (
				5F37CEE216A4830200F3020A /* ReactiveCocoaIO */,
				5F37CAA516A4726F00F3020A /* ReactiveCocoaIO-iOS */,
				5F37CAB616A4726F00F3020A /* ReactiveCocoaIOTests */,
			);
		};
/* End PBXProject section */

/* Begin PBXReferenceProxy section */
		5F37CE5916A47BE300F3020A /* libExpecta.a */ = {
			isa = PBXReferenceProxy;
			fileType = archive.ar;
			path = libExpecta.a;
			remoteRef = 5F37CE5816A47BE300F3020A /* PBXContainerItemProxy */;
			sourceTree = BUILT_PRODUCTS_DIR;
		};
		5F37CE5B16A47BE300F3020A /* libExpecta-iOS.a */ = {
			isa = PBXReferenceProxy;
			fileType = archive.ar;
			path = "libExpecta-iOS.a";
			remoteRef = 5F37CE5A16A47BE300F3020A /* PBXContainerItemProxy */;
			sourceTree = BUILT_PRODUCTS_DIR;
		};
		5F37CE5D16A47BE300F3020A /* ExpectaTests.octest */ = {
			isa = PBXReferenceProxy;
			fileType = wrapper.cfbundle;
			path = ExpectaTests.octest;
			remoteRef = 5F37CE5C16A47BE300F3020A /* PBXContainerItemProxy */;
			sourceTree = BUILT_PRODUCTS_DIR;
		};
		5F37CE5F16A47BE300F3020A /* Expecta-iOSTests.octest */ = {
			isa = PBXReferenceProxy;
			fileType = wrapper.cfbundle;
			path = "Expecta-iOSTests.octest";
			remoteRef = 5F37CE5E16A47BE300F3020A /* PBXContainerItemProxy */;
			sourceTree = BUILT_PRODUCTS_DIR;
		};
		5F37CE8616A47BE300F3020A /* libSpecta.a */ = {
			isa = PBXReferenceProxy;
			fileType = archive.ar;
			path = libSpecta.a;
			remoteRef = 5F37CE8516A47BE300F3020A /* PBXContainerItemProxy */;
			sourceTree = BUILT_PRODUCTS_DIR;
		};
		5F37CE8816A47BE300F3020A /* libSpecta-iOS.a */ = {
			isa = PBXReferenceProxy;
			fileType = archive.ar;
			path = "libSpecta-iOS.a";
			remoteRef = 5F37CE8716A47BE300F3020A /* PBXContainerItemProxy */;
			sourceTree = BUILT_PRODUCTS_DIR;
		};
		5F37CE8A16A47BE300F3020A /* SpectaTests.octest */ = {
			isa = PBXReferenceProxy;
			fileType = wrapper.cfbundle;
			path = SpectaTests.octest;
			remoteRef = 5F37CE8916A47BE300F3020A /* PBXContainerItemProxy */;
			sourceTree = BUILT_PRODUCTS_DIR;
		};
		5F37CE8C16A47BE300F3020A /* Specta-iOSTests.octest */ = {
			isa = PBXReferenceProxy;
			fileType = wrapper.cfbundle;
			path = "Specta-iOSTests.octest";
			remoteRef = 5F37CE8B16A47BE300F3020A /* PBXContainerItemProxy */;
			sourceTree = BUILT_PRODUCTS_DIR;
		};
		5F37CED416A4818B00F3020A /* ReactiveCocoa.framework */ = {
			isa = PBXReferenceProxy;
			fileType = wrapper.framework;
			path = ReactiveCocoa.framework;
			remoteRef = 5F37CED316A4818B00F3020A /* PBXContainerItemProxy */;
			sourceTree = BUILT_PRODUCTS_DIR;
		};
		5F37CED616A4818B00F3020A /* libReactiveCocoa-iOS.a */ = {
			isa = PBXReferenceProxy;
			fileType = archive.ar;
			path = "libReactiveCocoa-iOS.a";
			remoteRef = 5F37CED516A4818B00F3020A /* PBXContainerItemProxy */;
			sourceTree = BUILT_PRODUCTS_DIR;
		};
		5F37CED816A4818B00F3020A /* ReactiveCocoaTests.octest */ = {
			isa = PBXReferenceProxy;
			fileType = wrapper.cfbundle;
			path = ReactiveCocoaTests.octest;
			remoteRef = 5F37CED716A4818B00F3020A /* PBXContainerItemProxy */;
			sourceTree = BUILT_PRODUCTS_DIR;
		};
/* End PBXReferenceProxy section */

/* Begin PBXResourcesBuildPhase section */
		5F37CAB416A4726F00F3020A /* Resources */ = {
			isa = PBXResourcesBuildPhase;
			buildActionMask = 2147483647;
			files = (
				5F37CAC516A4726F00F3020A /* InfoPlist.strings in Resources */,
			);
			runOnlyForDeploymentPostprocessing = 0;
		};
		5F37CEE116A4830200F3020A /* Resources */ = {
			isa = PBXResourcesBuildPhase;
			buildActionMask = 2147483647;
			files = (
				5F37CEFC16A4838E00F3020A /* InfoPlist.strings in Resources */,
			);
			runOnlyForDeploymentPostprocessing = 0;
		};
/* End PBXResourcesBuildPhase section */

/* Begin PBXShellScriptBuildPhase section */
		5F37CAB516A4726F00F3020A /* ShellScript */ = {
			isa = PBXShellScriptBuildPhase;
			buildActionMask = 2147483647;
			files = (
			);
			inputPaths = (
			);
			outputPaths = (
			);
			runOnlyForDeploymentPostprocessing = 0;
			shellPath = /bin/sh;
			shellScript = "# Run the unit tests in this test bundle.\n\"${SYSTEM_DEVELOPER_DIR}/Tools/RunUnitTests\"\n";
		};
/* End PBXShellScriptBuildPhase section */

/* Begin PBXSourcesBuildPhase section */
		5F37CAA216A4726F00F3020A /* Sources */ = {
			isa = PBXSourcesBuildPhase;
			buildActionMask = 2147483647;
			files = (
				5F37CEB116A480CE00F3020A /* RCIODirectory.m in Sources */,
				5F37CEB216A480CE00F3020A /* RCIOFile.m in Sources */,
				5F37CEB416A480CF00F3020A /* RCIOItem.m in Sources */,
			);
			runOnlyForDeploymentPostprocessing = 0;
		};
		5F37CAB216A4726F00F3020A /* Sources */ = {
			isa = PBXSourcesBuildPhase;
			buildActionMask = 2147483647;
			files = (
				5F37CAC816A4726F00F3020A /* RCIOItemExamples.m in Sources */,
			);
			runOnlyForDeploymentPostprocessing = 0;
		};
		5F37CEDE16A4830200F3020A /* Sources */ = {
			isa = PBXSourcesBuildPhase;
			buildActionMask = 2147483647;
			files = (
				5F37CEFF16A4840400F3020A /* RCIOItem.m in Sources */,
				5F37CF0016A4840400F3020A /* RCIOFile.m in Sources */,
				5F37CF0116A4840400F3020A /* RCIODirectory.m in Sources */,
			);
			runOnlyForDeploymentPostprocessing = 0;
		};
/* End PBXSourcesBuildPhase section */

/* Begin PBXTargetDependency section */
		5F37CF3416A4875C00F3020A /* PBXTargetDependency */ = {
			isa = PBXTargetDependency;
			name = ReactiveCocoa;
			targetProxy = 5F37CF3316A4875C00F3020A /* PBXContainerItemProxy */;
		};
		5F37CF3616A4876900F3020A /* PBXTargetDependency */ = {
			isa = PBXTargetDependency;
			name = "ReactiveCocoa-iOS";
			targetProxy = 5F37CF3516A4876900F3020A /* PBXContainerItemProxy */;
		};
		5F37D11516A5661B00F3020A /* PBXTargetDependency */ = {
			isa = PBXTargetDependency;
			target = 5F37CEE216A4830200F3020A /* ReactiveCocoaIO */;
			targetProxy = 5F37D11416A5661B00F3020A /* PBXContainerItemProxy */;
		};
		5F37D11816A5663200F3020A /* PBXTargetDependency */ = {
			isa = PBXTargetDependency;
			name = ReactiveCocoa;
			targetProxy = 5F37D11716A5663200F3020A /* PBXContainerItemProxy */;
		};
/* End PBXTargetDependency section */

/* Begin PBXVariantGroup section */
		5F37CAC316A4726F00F3020A /* InfoPlist.strings */ = {
			isa = PBXVariantGroup;
			children = (
				5F37CAC416A4726F00F3020A /* en */,
			);
			name = InfoPlist.strings;
			sourceTree = "<group>";
		};
		5F37CEF916A4838E00F3020A /* InfoPlist.strings */ = {
			isa = PBXVariantGroup;
			children = (
				5F37CEFA16A4838E00F3020A /* en */,
			);
			name = InfoPlist.strings;
			sourceTree = "<group>";
		};
/* End PBXVariantGroup section */

/* Begin XCBuildConfiguration section */
		5F37CAC916A4726F00F3020A /* Debug */ = {
			isa = XCBuildConfiguration;
			baseConfigurationReference = 5F37CD3316A47BE100F3020A /* Debug.xcconfig */;
			buildSettings = {
				ARCHS = "$(ARCHS_STANDARD_64_BIT)";
				GCC_WARN_ABOUT_MISSING_NEWLINE = YES;
				WARNING_CFLAGS = (
					$inherited,
					"-Werror",
					"-Wall",
				);
			};
			name = Debug;
		};
		5F37CACA16A4726F00F3020A /* Release */ = {
			isa = XCBuildConfiguration;
			baseConfigurationReference = 5F37CD3516A47BE100F3020A /* Release.xcconfig */;
			buildSettings = {
				ARCHS = "$(ARCHS_STANDARD_64_BIT)";
				GCC_WARN_ABOUT_MISSING_NEWLINE = YES;
				WARNING_CFLAGS = (
					$inherited,
					"-Werror",
					"-Wall",
				);
			};
			name = Release;
		};
		5F37CACC16A4726F00F3020A /* Debug */ = {
			isa = XCBuildConfiguration;
			baseConfigurationReference = 5F37CD3C16A47BE100F3020A /* iOS-StaticLibrary.xcconfig */;
			buildSettings = {
				GCC_PREFIX_HEADER = "ReactiveCocoaIO/ReactiveCocoaIO-Prefix.pch";
				PRODUCT_NAME = "$(TARGET_NAME)";
				PUBLIC_HEADERS_FOLDER_PATH = include/ReactiveCocoaIO;
			};
			name = Debug;
		};
		5F37CACD16A4726F00F3020A /* Release */ = {
			isa = XCBuildConfiguration;
			baseConfigurationReference = 5F37CD3C16A47BE100F3020A /* iOS-StaticLibrary.xcconfig */;
			buildSettings = {
				GCC_PREFIX_HEADER = "ReactiveCocoaIO/ReactiveCocoaIO-Prefix.pch";
				PRODUCT_NAME = "$(TARGET_NAME)";
				PUBLIC_HEADERS_FOLDER_PATH = include/ReactiveCocoaIO;
			};
			name = Release;
		};
		5F37CACF16A4726F00F3020A /* Debug */ = {
			isa = XCBuildConfiguration;
			baseConfigurationReference = 5F37CD3E16A47BE100F3020A /* Mac-Application.xcconfig */;
			buildSettings = {
				FRAMEWORK_SEARCH_PATHS = "\"$(DEVELOPER_LIBRARY_DIR)/Frameworks\"";
				GCC_PREFIX_HEADER = "ReactiveCocoaIOTests/ReactiveCocoaIOTests-Prefix.pch";
				HEADER_SEARCH_PATHS = (
					"External/specta/src/**",
					"External/expecta/src/**",
				);
				INFOPLIST_FILE = "ReactiveCocoaIOTests/ReactiveCocoaIOTests-Info.plist";
				OTHER_LDFLAGS = "-ObjC";
				PRODUCT_NAME = "$(TARGET_NAME)";
				WRAPPER_EXTENSION = octest;
			};
			name = Debug;
		};
		5F37CAD016A4726F00F3020A /* Release */ = {
			isa = XCBuildConfiguration;
			baseConfigurationReference = 5F37CD3E16A47BE100F3020A /* Mac-Application.xcconfig */;
			buildSettings = {
				FRAMEWORK_SEARCH_PATHS = "\"$(DEVELOPER_LIBRARY_DIR)/Frameworks\"";
				GCC_PREFIX_HEADER = "ReactiveCocoaIOTests/ReactiveCocoaIOTests-Prefix.pch";
				HEADER_SEARCH_PATHS = (
					"External/specta/src/**",
					"External/expecta/src/**",
				);
				INFOPLIST_FILE = "ReactiveCocoaIOTests/ReactiveCocoaIOTests-Info.plist";
				OTHER_LDFLAGS = "-ObjC";
				PRODUCT_NAME = "$(TARGET_NAME)";
				WRAPPER_EXTENSION = octest;
			};
			name = Release;
		};
		5F37CEA416A47EB000F3020A /* Profile */ = {
			isa = XCBuildConfiguration;
			baseConfigurationReference = 5F37CD3416A47BE100F3020A /* Profile.xcconfig */;
			buildSettings = {
				ARCHS = "$(ARCHS_STANDARD_64_BIT)";
				GCC_WARN_ABOUT_MISSING_NEWLINE = YES;
				WARNING_CFLAGS = (
					$inherited,
					"-Werror",
					"-Wall",
				);
			};
			name = Profile;
		};
		5F37CEA516A47EB000F3020A /* Profile */ = {
			isa = XCBuildConfiguration;
			baseConfigurationReference = 5F37CD3C16A47BE100F3020A /* iOS-StaticLibrary.xcconfig */;
			buildSettings = {
				GCC_PREFIX_HEADER = "ReactiveCocoaIO/ReactiveCocoaIO-Prefix.pch";
				PRODUCT_NAME = "$(TARGET_NAME)";
				PUBLIC_HEADERS_FOLDER_PATH = include/ReactiveCocoaIO;
			};
			name = Profile;
		};
		5F37CEA616A47EB000F3020A /* Profile */ = {
			isa = XCBuildConfiguration;
			baseConfigurationReference = 5F37CD3E16A47BE100F3020A /* Mac-Application.xcconfig */;
			buildSettings = {
				FRAMEWORK_SEARCH_PATHS = "\"$(DEVELOPER_LIBRARY_DIR)/Frameworks\"";
				GCC_PREFIX_HEADER = "ReactiveCocoaIOTests/ReactiveCocoaIOTests-Prefix.pch";
				HEADER_SEARCH_PATHS = (
					"External/specta/src/**",
					"External/expecta/src/**",
				);
				INFOPLIST_FILE = "ReactiveCocoaIOTests/ReactiveCocoaIOTests-Info.plist";
				OTHER_LDFLAGS = "-ObjC";
				PRODUCT_NAME = "$(TARGET_NAME)";
				WRAPPER_EXTENSION = octest;
			};
			name = Profile;
		};
		5F37CEF516A4830200F3020A /* Debug */ = {
			isa = XCBuildConfiguration;
			baseConfigurationReference = 5F37CD4116A47BE100F3020A /* Mac-Framework.xcconfig */;
			buildSettings = {
				DYLIB_COMPATIBILITY_VERSION = 1;
				DYLIB_CURRENT_VERSION = 1;
				FRAMEWORK_VERSION = A;
				GCC_PREFIX_HEADER = "ReactiveCocoaIO/ReactiveCocoaIO-Prefix.pch";
				INFOPLIST_FILE = "ReactiveCocoaIO/ReactiveCocoaIO-Info.plist";
				PRODUCT_NAME = "$(TARGET_NAME)";
				WRAPPER_EXTENSION = framework;
			};
			name = Debug;
		};
		5F37CEF616A4830200F3020A /* Release */ = {
			isa = XCBuildConfiguration;
			baseConfigurationReference = 5F37CD4116A47BE100F3020A /* Mac-Framework.xcconfig */;
			buildSettings = {
				DYLIB_COMPATIBILITY_VERSION = 1;
				DYLIB_CURRENT_VERSION = 1;
				FRAMEWORK_VERSION = A;
				GCC_PREFIX_HEADER = "ReactiveCocoaIO/ReactiveCocoaIO-Prefix.pch";
				INFOPLIST_FILE = "ReactiveCocoaIO/ReactiveCocoaIO-Info.plist";
				PRODUCT_NAME = "$(TARGET_NAME)";
				WRAPPER_EXTENSION = framework;
			};
			name = Release;
		};
		5F37CEF716A4830200F3020A /* Profile */ = {
			isa = XCBuildConfiguration;
			baseConfigurationReference = 5F37CD4116A47BE100F3020A /* Mac-Framework.xcconfig */;
			buildSettings = {
				DYLIB_COMPATIBILITY_VERSION = 1;
				DYLIB_CURRENT_VERSION = 1;
				FRAMEWORK_VERSION = A;
				GCC_PREFIX_HEADER = "ReactiveCocoaIO/ReactiveCocoaIO-Prefix.pch";
				INFOPLIST_FILE = "ReactiveCocoaIO/ReactiveCocoaIO-Info.plist";
				PRODUCT_NAME = "$(TARGET_NAME)";
				WRAPPER_EXTENSION = framework;
			};
			name = Profile;
		};
/* End XCBuildConfiguration section */

/* Begin XCConfigurationList section */
		5F37CAA016A4726F00F3020A /* Build configuration list for PBXProject "ReactiveCocoaIO" */ = {
			isa = XCConfigurationList;
			buildConfigurations = (
				5F37CAC916A4726F00F3020A /* Debug */,
				5F37CACA16A4726F00F3020A /* Release */,
				5F37CEA416A47EB000F3020A /* Profile */,
			);
			defaultConfigurationIsVisible = 0;
			defaultConfigurationName = Release;
		};
		5F37CACB16A4726F00F3020A /* Build configuration list for PBXNativeTarget "ReactiveCocoaIO-iOS" */ = {
			isa = XCConfigurationList;
			buildConfigurations = (
				5F37CACC16A4726F00F3020A /* Debug */,
				5F37CACD16A4726F00F3020A /* Release */,
				5F37CEA516A47EB000F3020A /* Profile */,
			);
			defaultConfigurationIsVisible = 0;
			defaultConfigurationName = Release;
		};
		5F37CACE16A4726F00F3020A /* Build configuration list for PBXNativeTarget "ReactiveCocoaIOTests" */ = {
			isa = XCConfigurationList;
			buildConfigurations = (
				5F37CACF16A4726F00F3020A /* Debug */,
				5F37CAD016A4726F00F3020A /* Release */,
				5F37CEA616A47EB000F3020A /* Profile */,
			);
			defaultConfigurationIsVisible = 0;
			defaultConfigurationName = Release;
		};
		5F37CEF416A4830200F3020A /* Build configuration list for PBXNativeTarget "ReactiveCocoaIO" */ = {
			isa = XCConfigurationList;
			buildConfigurations = (
				5F37CEF516A4830200F3020A /* Debug */,
				5F37CEF616A4830200F3020A /* Release */,
				5F37CEF716A4830200F3020A /* Profile */,
			);
			defaultConfigurationIsVisible = 0;
			defaultConfigurationName = Release;
		};
/* End XCConfigurationList section */
	};
	rootObject = 5F37CA9D16A4726F00F3020A /* Project object */;
}
